// !$*UTF8*$!
{
	archiveVersion = 1;
	classes = {
	};
	objectVersion = 50;
	objects = {

/* Begin PBXBuildFile section */
		503578A42655893100A19B4D /* AboutView.swift in Sources */ = {isa = PBXBuildFile; fileRef = 503578A32655893100A19B4D /* AboutView.swift */; };
		50F3FC6D265100E90019922C /* AppDelegate.swift in Sources */ = {isa = PBXBuildFile; fileRef = 50F3FC6C265100E90019922C /* AppDelegate.swift */; };
		50F3FC6F265100E90019922C /* SceneDelegate.swift in Sources */ = {isa = PBXBuildFile; fileRef = 50F3FC6E265100E90019922C /* SceneDelegate.swift */; };
		50F3FC71265100E90019922C /* ContentView.swift in Sources */ = {isa = PBXBuildFile; fileRef = 50F3FC70265100E90019922C /* ContentView.swift */; };
		50F3FC73265100EA0019922C /* Assets.xcassets in Resources */ = {isa = PBXBuildFile; fileRef = 50F3FC72265100EA0019922C /* Assets.xcassets */; };
		50F3FC76265100EA0019922C /* Preview Assets.xcassets in Resources */ = {isa = PBXBuildFile; fileRef = 50F3FC75265100EA0019922C /* Preview Assets.xcassets */; };
		50F3FC79265100EA0019922C /* LaunchScreen.storyboard in Resources */ = {isa = PBXBuildFile; fileRef = 50F3FC77265100EA0019922C /* LaunchScreen.storyboard */; };
/* End PBXBuildFile section */

/* Begin PBXFileReference section */
		503578A32655893100A19B4D /* AboutView.swift */ = {isa = PBXFileReference; lastKnownFileType = sourcecode.swift; path = AboutView.swift; sourceTree = "<group>"; };
		50F3FC69265100E90019922C /* SwiftUIBulleyeV1.app */ = {isa = PBXFileReference; explicitFileType = wrapper.application; includeInIndex = 0; path = SwiftUIBulleyeV1.app; sourceTree = BUILT_PRODUCTS_DIR; };
		50F3FC6C265100E90019922C /* AppDelegate.swift */ = {isa = PBXFileReference; lastKnownFileType = sourcecode.swift; path = AppDelegate.swift; sourceTree = "<group>"; };
		50F3FC6E265100E90019922C /* SceneDelegate.swift */ = {isa = PBXFileReference; lastKnownFileType = sourcecode.swift; path = SceneDelegate.swift; sourceTree = "<group>"; };
		50F3FC70265100E90019922C /* ContentView.swift */ = {isa = PBXFileReference; lastKnownFileType = sourcecode.swift; path = ContentView.swift; sourceTree = "<group>"; };
		50F3FC72265100EA0019922C /* Assets.xcassets */ = {isa = PBXFileReference; lastKnownFileType = folder.assetcatalog; path = Assets.xcassets; sourceTree = "<group>"; };
		50F3FC75265100EA0019922C /* Preview Assets.xcassets */ = {isa = PBXFileReference; lastKnownFileType = folder.assetcatalog; path = "Preview Assets.xcassets"; sourceTree = "<group>"; };
		50F3FC78265100EA0019922C /* Base */ = {isa = PBXFileReference; lastKnownFileType = file.storyboard; name = Base; path = Base.lproj/LaunchScreen.storyboard; sourceTree = "<group>"; };
		50F3FC7A265100EA0019922C /* Info.plist */ = {isa = PBXFileReference; lastKnownFileType = text.plist.xml; path = Info.plist; sourceTree = "<group>"; };
/* End PBXFileReference section */

/* Begin PBXFrameworksBuildPhase section */
		50F3FC66265100E90019922C /* Frameworks */ = {
			isa = PBXFrameworksBuildPhase;
			buildActionMask = 2147483647;
			files = (
			);
			runOnlyForDeploymentPostprocessing = 0;
		};
/* End PBXFrameworksBuildPhase section */

/* Begin PBXGroup section */
		50F3FC60265100E90019922C = {
			isa = PBXGroup;
			children = (
				50F3FC6B265100E90019922C /* SwiftUIBulleyeV1 */,
				50F3FC6A265100E90019922C /* Products */,
			);
			sourceTree = "<group>";
		};
		50F3FC6A265100E90019922C /* Products */ = {
			isa = PBXGroup;
			children = (
				50F3FC69265100E90019922C /* SwiftUIBulleyeV1.app */,
			);
			name = Products;
			sourceTree = "<group>";
		};
		50F3FC6B265100E90019922C /* SwiftUIBulleyeV1 */ = {
			isa = PBXGroup;
			children = (
				50F3FC6C265100E90019922C /* AppDelegate.swift */,
				50F3FC6E265100E90019922C /* SceneDelegate.swift */,
				50F3FC70265100E90019922C /* ContentView.swift */,
				503578A32655893100A19B4D /* AboutView.swift */,
				50F3FC72265100EA0019922C /* Assets.xcassets */,
				50F3FC77265100EA0019922C /* LaunchScreen.storyboard */,
				50F3FC7A265100EA0019922C /* Info.plist */,
				50F3FC74265100EA0019922C /* Preview Content */,
			);
			path = SwiftUIBulleyeV1;
			sourceTree = "<group>";
		};
		50F3FC74265100EA0019922C /* Preview Content */ = {
			isa = PBXGroup;
			children = (
				50F3FC75265100EA0019922C /* Preview Assets.xcassets */,
			);
			path = "Preview Content";
			sourceTree = "<group>";
		};
/* End PBXGroup section */

/* Begin PBXNativeTarget section */
		50F3FC68265100E90019922C /* SwiftUIBulleyeV1 */ = {
			isa = PBXNativeTarget;
			buildConfigurationList = 50F3FC7D265100EA0019922C /* Build configuration list for PBXNativeTarget "SwiftUIBulleyeV1" */;
			buildPhases = (
				50F3FC65265100E90019922C /* Sources */,
				50F3FC66265100E90019922C /* Frameworks */,
				50F3FC67265100E90019922C /* Resources */,
			);
			buildRules = (
			);
			dependencies = (
			);
			name = SwiftUIBulleyeV1;
			productName = SwiftUIBulleyeV1;
			productReference = 50F3FC69265100E90019922C /* SwiftUIBulleyeV1.app */;
			productType = "com.apple.product-type.application";
		};
/* End PBXNativeTarget section */

/* Begin PBXProject section */
		50F3FC61265100E90019922C /* Project object */ = {
			isa = PBXProject;
			attributes = {
				LastSwiftUpdateCheck = 1240;
				LastUpgradeCheck = 1240;
				TargetAttributes = {
					50F3FC68265100E90019922C = {
						CreatedOnToolsVersion = 12.4;
					};
				};
			};
			buildConfigurationList = 50F3FC64265100E90019922C /* Build configuration list for PBXProject "SwiftUIBulleyeV1" */;
			compatibilityVersion = "Xcode 9.3";
			developmentRegion = en;
			hasScannedForEncodings = 0;
			knownRegions = (
				en,
				Base,
			);
			mainGroup = 50F3FC60265100E90019922C;
			productRefGroup = 50F3FC6A265100E90019922C /* Products */;
			projectDirPath = "";
			projectRoot = "";
			targets = (
				50F3FC68265100E90019922C /* SwiftUIBulleyeV1 */,
			);
		};
/* End PBXProject section */

/* Begin PBXResourcesBuildPhase section */
		50F3FC67265100E90019922C /* Resources */ = {
			isa = PBXResourcesBuildPhase;
			buildActionMask = 2147483647;
			files = (
				50F3FC79265100EA0019922C /* LaunchScreen.storyboard in Resources */,
				50F3FC76265100EA0019922C /* Preview Assets.xcassets in Resources */,
				50F3FC73265100EA0019922C /* Assets.xcassets in Resources */,
			);
			runOnlyForDeploymentPostprocessing = 0;
		};
/* End PBXResourcesBuildPhase section */

/* Begin PBXSourcesBuildPhase section */
		50F3FC65265100E90019922C /* Sources */ = {
			isa = PBXSourcesBuildPhase;
			buildActionMask = 2147483647;
			files = (
				503578A42655893100A19B4D /* AboutView.swift in Sources */,
				50F3FC6D265100E90019922C /* AppDelegate.swift in Sources */,
				50F3FC6F265100E90019922C /* SceneDelegate.swift in Sources */,
				50F3FC71265100E90019922C /* ContentView.swift in Sources */,
			);
			runOnlyForDeploymentPostprocessing = 0;
		};
/* End PBXSourcesBuildPhase section */

/* Begin PBXVariantGroup section */
		50F3FC77265100EA0019922C /* LaunchScreen.storyboard */ = {
			isa = PBXVariantGroup;
			children = (
				50F3FC78265100EA0019922C /* Base */,
			);
			name = LaunchScreen.storyboard;
			sourceTree = "<group>";
		};
/* End PBXVariantGroup section */

/* Begin XCBuildConfiguration section */
		50F3FC7B265100EA0019922C /* Debug */ = {
			isa = XCBuildConfiguration;
			buildSettings = {
				ALWAYS_SEARCH_USER_PATHS = NO;
				CLANG_ANALYZER_NONNULL = YES;
				CLANG_ANALYZER_NUMBER_OBJECT_CONVERSION = YES_AGGRESSIVE;
				CLANG_CXX_LANGUAGE_STANDARD = "gnu++14";
				CLANG_CXX_LIBRARY = "libc++";
				CLANG_ENABLE_MODULES = YES;
				CLANG_ENABLE_OBJC_ARC = YES;
				CLANG_ENABLE_OBJC_WEAK = YES;
				CLANG_WARN_BLOCK_CAPTURE_AUTORELEASING = YES;
				CLANG_WARN_BOOL_CONVERSION = YES;
				CLANG_WARN_COMMA = YES;
				CLANG_WARN_CONSTANT_CONVERSION = YES;
				CLANG_WARN_DEPRECATED_OBJC_IMPLEMENTATIONS = YES;
				CLANG_WARN_DIRECT_OBJC_ISA_USAGE = YES_ERROR;
				CLANG_WARN_DOCUMENTATION_COMMENTS = YES;
				CLANG_WARN_EMPTY_BODY = YES;
				CLANG_WARN_ENUM_CONVERSION = YES;
				CLANG_WARN_INFINITE_RECURSION = YES;
				CLANG_WARN_INT_CONVERSION = YES;
				CLANG_WARN_NON_LITERAL_NULL_CONVERSION = YES;
				CLANG_WARN_OBJC_IMPLICIT_RETAIN_SELF = YES;
				CLANG_WARN_OBJC_LITERAL_CONVERSION = YES;
				CLANG_WARN_OBJC_ROOT_CLASS = YES_ERROR;
				CLANG_WARN_QUOTED_INCLUDE_IN_FRAMEWORK_HEADER = YES;
				CLANG_WARN_RANGE_LOOP_ANALYSIS = YES;
				CLANG_WARN_STRICT_PROTOTYPES = YES;
				CLANG_WARN_SUSPICIOUS_MOVE = YES;
				CLANG_WARN_UNGUARDED_AVAILABILITY = YES_AGGRESSIVE;
				CLANG_WARN_UNREACHABLE_CODE = YES;
				CLANG_WARN__DUPLICATE_METHOD_MATCH = YES;
				COPY_PHASE_STRIP = NO;
				DEBUG_INFORMATION_FORMAT = dwarf;
				ENABLE_STRICT_OBJC_MSGSEND = YES;
				ENABLE_TESTABILITY = YES;
				GCC_C_LANGUAGE_STANDARD = gnu11;
				GCC_DYNAMIC_NO_PIC = NO;
				GCC_NO_COMMON_BLOCKS = YES;
				GCC_OPTIMIZATION_LEVEL = 0;
				GCC_PREPROCESSOR_DEFINITIONS = (
					"DEBUG=1",
					"$(inherited)",
				);
				GCC_WARN_64_TO_32_BIT_CONVERSION = YES;
				GCC_WARN_ABOUT_RETURN_TYPE = YES_ERROR;
				GCC_WARN_UNDECLARED_SELECTOR = YES;
				GCC_WARN_UNINITIALIZED_AUTOS = YES_AGGRESSIVE;
				GCC_WARN_UNUSED_FUNCTION = YES;
				GCC_WARN_UNUSED_VARIABLE = YES;
				IPHONEOS_DEPLOYMENT_TARGET = 14.4;
				MTL_ENABLE_DEBUG_INFO = INCLUDE_SOURCE;
				MTL_FAST_MATH = YES;
				ONLY_ACTIVE_ARCH = YES;
				SDKROOT = iphoneos;
				SWIFT_ACTIVE_COMPILATION_CONDITIONS = DEBUG;
				SWIFT_OPTIMIZATION_LEVEL = "-Onone";
			};
			name = Debug;
		};
		50F3FC7C265100EA0019922C /* Release */ = {
			isa = XCBuildConfiguration;
			buildSettings = {
				ALWAYS_SEARCH_USER_PATHS = NO;
				CLANG_ANALYZER_NONNULL = YES;
				CLANG_ANALYZER_NUMBER_OBJECT_CONVERSION = YES_AGGRESSIVE;
				CLANG_CXX_LANGUAGE_STANDARD = "gnu++14";
				CLANG_CXX_LIBRARY = "libc++";
				CLANG_ENABLE_MODULES = YES;
				CLANG_ENABLE_OBJC_ARC = YES;
				CLANG_ENABLE_OBJC_WEAK = YES;
				CLANG_WARN_BLOCK_CAPTURE_AUTORELEASING = YES;
				CLANG_WARN_BOOL_CONVERSION = YES;
				CLANG_WARN_COMMA = YES;
				CLANG_WARN_CONSTANT_CONVERSION = YES;
				CLANG_WARN_DEPRECATED_OBJC_IMPLEMENTATIONS = YES;
				CLANG_WARN_DIRECT_OBJC_ISA_USAGE = YES_ERROR;
				CLANG_WARN_DOCUMENTATION_COMMENTS = YES;
				CLANG_WARN_EMPTY_BODY = YES;
				CLANG_WARN_ENUM_CONVERSION = YES;
				CLANG_WARN_INFINITE_RECURSION = YES;
				CLANG_WARN_INT_CONVERSION = YES;
				CLANG_WARN_NON_LITERAL_NULL_CONVERSION = YES;
				CLANG_WARN_OBJC_IMPLICIT_RETAIN_SELF = YES;
				CLANG_WARN_OBJC_LITERAL_CONVERSION = YES;
				CLANG_WARN_OBJC_ROOT_CLASS = YES_ERROR;
				CLANG_WARN_QUOTED_INCLUDE_IN_FRAMEWORK_HEADER = YES;
				CLANG_WARN_RANGE_LOOP_ANALYSIS = YES;
				CLANG_WARN_STRICT_PROTOTYPES = YES;
				CLANG_WARN_SUSPICIOUS_MOVE = YES;
				CLANG_WARN_UNGUARDED_AVAILABILITY = YES_AGGRESSIVE;
				CLANG_WARN_UNREACHABLE_CODE = YES;
				CLANG_WARN__DUPLICATE_METHOD_MATCH = YES;
				COPY_PHASE_STRIP = NO;
				DEBUG_INFORMATION_FORMAT = "dwarf-with-dsym";
				ENABLE_NS_ASSERTIONS = NO;
				ENABLE_STRICT_OBJC_MSGSEND = YES;
				GCC_C_LANGUAGE_STANDARD = gnu11;
				GCC_NO_COMMON_BLOCKS = YES;
				GCC_WARN_64_TO_32_BIT_CONVERSION = YES;
				GCC_WARN_ABOUT_RETURN_TYPE = YES_ERROR;
				GCC_WARN_UNDECLARED_SELECTOR = YES;
				GCC_WARN_UNINITIALIZED_AUTOS = YES_AGGRESSIVE;
				GCC_WARN_UNUSED_FUNCTION = YES;
				GCC_WARN_UNUSED_VARIABLE = YES;
				IPHONEOS_DEPLOYMENT_TARGET = 14.4;
				MTL_ENABLE_DEBUG_INFO = NO;
				MTL_FAST_MATH = YES;
				SDKROOT = iphoneos;
				SWIFT_COMPILATION_MODE = wholemodule;
				SWIFT_OPTIMIZATION_LEVEL = "-O";
				VALIDATE_PRODUCT = YES;
			};
			name = Release;
		};
		50F3FC7E265100EA0019922C /* Debug */ = {
			isa = XCBuildConfiguration;
			buildSettings = {
				ASSETCATALOG_COMPILER_APPICON_NAME = AppIcon;
				ASSETCATALOG_COMPILER_GLOBAL_ACCENT_COLOR_NAME = AccentColor;
				CODE_SIGN_STYLE = Automatic;
				DEVELOPMENT_ASSET_PATHS = "\"SwiftUIBulleyeV1/Preview Content\"";
				DEVELOPMENT_TEAM = 3Y3Z2Z567H;
				ENABLE_PREVIEWS = YES;
				INFOPLIST_FILE = SwiftUIBulleyeV1/Info.plist;
				LD_RUNPATH_SEARCH_PATHS = (
					"$(inherited)",
					"@executable_path/Frameworks",
				);
				PRODUCT_BUNDLE_IDENTIFIER = mail.gmail.sungyup5003.20161641.SwiftUIBulleyeV1;
				PRODUCT_NAME = "$(TARGET_NAME)";
				SWIFT_VERSION = 5.0;
				TARGETED_DEVICE_FAMILY = "1,2";
			};
			name = Debug;
		};
		50F3FC7F265100EA0019922C /* Release */ = {
			isa = XCBuildConfiguration;
			buildSettings = {
				ASSETCATALOG_COMPILER_APPICON_NAME = AppIcon;
				ASSETCATALOG_COMPILER_GLOBAL_ACCENT_COLOR_NAME = AccentColor;
				CODE_SIGN_STYLE = Automatic;
				DEVELOPMENT_ASSET_PATHS = "\"SwiftUIBulleyeV1/Preview Content\"";
				DEVELOPMENT_TEAM = 3Y3Z2Z567H;
				ENABLE_PREVIEWS = YES;
				INFOPLIST_FILE = SwiftUIBulleyeV1/Info.plist;
				LD_RUNPATH_SEARCH_PATHS = (
					"$(inherited)",
					"@executable_path/Frameworks",
				);
				PRODUCT_BUNDLE_IDENTIFIER = mail.gmail.sungyup5003.20161641.SwiftUIBulleyeV1;
				PRODUCT_NAME = "$(TARGET_NAME)";
				SWIFT_VERSION = 5.0;
				TARGETED_DEVICE_FAMILY = "1,2";
			};
			name = Release;
		};
/* End XCBuildConfiguration section */

/* Begin XCConfigurationList section */
		50F3FC64265100E90019922C /* Build configuration list for PBXProject "SwiftUIBulleyeV1" */ = {
			isa = XCConfigurationList;
			buildConfigurations = (
				50F3FC7B265100EA0019922C /* Debug */,
				50F3FC7C265100EA0019922C /* Release */,
			);
			defaultConfigurationIsVisible = 0;
			defaultConfigurationName = Release;
		};
		50F3FC7D265100EA0019922C /* Build configuration list for PBXNativeTarget "SwiftUIBulleyeV1" */ = {
			isa = XCConfigurationList;
			buildConfigurations = (
				50F3FC7E265100EA0019922C /* Debug */,
				50F3FC7F265100EA0019922C /* Release */,
			);
			defaultConfigurationIsVisible = 0;
			defaultConfigurationName = Release;
		};
/* End XCConfigurationList section */
	};
	rootObject = 50F3FC61265100E90019922C /* Project object */;
}
